
Microsoft Visual Studio Solution File, Format Version 12.00
# Visual Studio Version 17
VisualStudioVersion = 17.4.33403.182
MinimumVisualStudioVersion = 10.0.40219.1
Project("{FAE04EC0-301F-11D3-BF4B-00C04F79EFBC}") = "TheSixteenthProgram", "TheSixteenthProgram.csproj", "{240CA505-FCCC-4624-A93C-832DF45CF2F5}"
EndProject
Global
	GlobalSection(SolutionConfigurationPlatforms) = preSolution
		Debug|Any CPU = Debug|Any CPU
		Release|Any CPU = Release|Any CPU
	EndGlobalSection
	GlobalSection(ProjectConfigurationPlatforms) = postSolution
		{240CA505-FCCC-4624-A93C-832DF45CF2F5}.Debug|Any CPU.ActiveCfg = Debug|Any CPU
		{240CA505-FCCC-4624-A93C-832DF45CF2F5}.Debug|Any CPU.Build.0 = Debug|Any CPU
		{240CA505-FCCC-4624-A93C-832DF45CF2F5}.Release|Any CPU.ActiveCfg = Release|Any CPU
		{240CA505-FCCC-4624-A93C-832DF45CF2F5}.Release|Any CPU.Build.0 = Release|Any CPU
	EndGlobalSection
	GlobalSection(SolutionProperties) = preSolution
		HideSolutionNode = FALSE
	EndGlobalSection
	GlobalSection(ExtensibilityGlobals) = postSolution
		SolutionGuid = {4B1FD7B6-376C-4E7D-8BC4-77CA35A20A29}
	EndGlobalSection
EndGlobal
